
Microsoft Visual Studio Solution File, Format Version 12.00
# Visual Studio Version 16
VisualStudioVersion = 16.0.31005.135
MinimumVisualStudioVersion = 10.0.40219.1
Project("{FAE04EC0-301F-11D3-BF4B-00C04F79EFBC}") = "HotelListing", "HotelListing.csproj", "{6A82C138-8698-4D0A-93F9-2965543EEA6F}"
EndProject
Global
	GlobalSection(SolutionConfigurationPlatforms) = preSolution
		Debug|Any CPU = Debug|Any CPU
		Release|Any CPU = Release|Any CPU
	EndGlobalSection
	GlobalSection(ProjectConfigurationPlatforms) = postSolution
		{6A82C138-8698-4D0A-93F9-2965543EEA6F}.Debug|Any CPU.ActiveCfg = Debug|Any CPU
		{6A82C138-8698-4D0A-93F9-2965543EEA6F}.Debug|Any CPU.Build.0 = Debug|Any CPU
		{6A82C138-8698-4D0A-93F9-2965543EEA6F}.Release|Any CPU.ActiveCfg = Release|Any CPU
		{6A82C138-8698-4D0A-93F9-2965543EEA6F}.Release|Any CPU.Build.0 = Release|Any CPU
	EndGlobalSection
	GlobalSection(SolutionProperties) = preSolution
		HideSolutionNode = FALSE
	EndGlobalSection
	GlobalSection(ExtensibilityGlobals) = postSolution
		SolutionGuid = {B28563E2-7E82-4BC5-A09C-832CA2C3B47F}
	EndGlobalSection
EndGlobal
